
Microsoft Visual Studio Solution File, Format Version 12.00
# Visual Studio Version 17
VisualStudioVersion = 17.7.34024.191
MinimumVisualStudioVersion = 10.0.40219.1
Project("{FAE04EC0-301F-11D3-BF4B-00C04F79EFBC}") = "NoteTakingApp", "NoteTakingApp\NoteTakingApp.csproj", "{56217B12-F882-4D33-AFAF-6C6E2B598CDF}"
EndProject
Global
	GlobalSection(SolutionConfigurationPlatforms) = preSolution
		Debug|Any CPU = Debug|Any CPU
		Release|Any CPU = Release|Any CPU
	EndGlobalSection
	GlobalSection(ProjectConfigurationPlatforms) = postSolution
		{56217B12-F882-4D33-AFAF-6C6E2B598CDF}.Debug|Any CPU.ActiveCfg = Debug|Any CPU
		{56217B12-F882-4D33-AFAF-6C6E2B598CDF}.Debug|Any CPU.Build.0 = Debug|Any CPU
		{56217B12-F882-4D33-AFAF-6C6E2B598CDF}.Release|Any CPU.ActiveCfg = Release|Any CPU
		{56217B12-F882-4D33-AFAF-6C6E2B598CDF}.Release|Any CPU.Build.0 = Release|Any CPU
	EndGlobalSection
	GlobalSection(SolutionProperties) = preSolution
		HideSolutionNode = FALSE
	EndGlobalSection
	GlobalSection(ExtensibilityGlobals) = postSolution
		SolutionGuid = {EA1A6E1B-6784-445B-A37E-212C7746C81F}
	EndGlobalSection
EndGlobal
